// !$*UTF8*$!
{
	archiveVersion = 1;
	classes = {
	};
	objectVersion = 70;
	objects = {

/* Begin PBXContainerItemProxy section */
		C2BEC70D2CF63E0D00F50673 /* PBXContainerItemProxy */ = {
			isa = PBXContainerItemProxy;
			containerPortal = C2BEC6EE2CF63E0C00F50673 /* Project object */;
			proxyType = 1;
			remoteGlobalIDString = C2BEC6F52CF63E0C00F50673;
			remoteInfo = PDeatails;
		};
		C2BEC7172CF63E0D00F50673 /* PBXContainerItemProxy */ = {
			isa = PBXContainerItemProxy;
			containerPortal = C2BEC6EE2CF63E0C00F50673 /* Project object */;
			proxyType = 1;
			remoteGlobalIDString = C2BEC6F52CF63E0C00F50673;
			remoteInfo = PDeatails;
		};
/* End PBXContainerItemProxy section */

/* Begin PBXFileReference section */
		C2BEC6F62CF63E0C00F50673 /* PDeatails.app */ = {isa = PBXFileReference; explicitFileType = wrapper.application; includeInIndex = 0; path = PDeatails.app; sourceTree = BUILT_PRODUCTS_DIR; };
		C2BEC70C2CF63E0D00F50673 /* PDeatailsTests.xctest */ = {isa = PBXFileReference; explicitFileType = wrapper.cfbundle; includeInIndex = 0; path = PDeatailsTests.xctest; sourceTree = BUILT_PRODUCTS_DIR; };
		C2BEC7162CF63E0D00F50673 /* PDeatailsUITests.xctest */ = {isa = PBXFileReference; explicitFileType = wrapper.cfbundle; includeInIndex = 0; path = PDeatailsUITests.xctest; sourceTree = BUILT_PRODUCTS_DIR; };
/* End PBXFileReference section */

/* Begin PBXFileSystemSynchronizedBuildFileExceptionSet section */
		C2BEC71E2CF63E0D00F50673 /* PBXFileSystemSynchronizedBuildFileExceptionSet */ = {
			isa = PBXFileSystemSynchronizedBuildFileExceptionSet;
			membershipExceptions = (
				Info.plist,
			);
			target = C2BEC6F52CF63E0C00F50673 /* PDeatails */;
		};
/* End PBXFileSystemSynchronizedBuildFileExceptionSet section */

/* Begin PBXFileSystemSynchronizedRootGroup section */
		C2BEC6F82CF63E0C00F50673 /* PDeatails */ = {isa = PBXFileSystemSynchronizedRootGroup; exceptions = (C2BEC71E2CF63E0D00F50673 /* PBXFileSystemSynchronizedBuildFileExceptionSet */, ); explicitFileTypes = {}; explicitFolders = (); path = PDeatails; sourceTree = "<group>"; };
		C2BEC70F2CF63E0D00F50673 /* PDeatailsTests */ = {isa = PBXFileSystemSynchronizedRootGroup; explicitFileTypes = {}; explicitFolders = (); path = PDeatailsTests; sourceTree = "<group>"; };
		C2BEC7192CF63E0D00F50673 /* PDeatailsUITests */ = {isa = PBXFileSystemSynchronizedRootGroup; explicitFileTypes = {}; explicitFolders = (); path = PDeatailsUITests; sourceTree = "<group>"; };
/* End PBXFileSystemSynchronizedRootGroup section */

/* Begin PBXFrameworksBuildPhase section */
		C2BEC6F32CF63E0C00F50673 /* Frameworks */ = {
			isa = PBXFrameworksBuildPhase;
			buildActionMask = 2147483647;
			files = (
			);
			runOnlyForDeploymentPostprocessing = 0;
		};
		C2BEC7092CF63E0D00F50673 /* Frameworks */ = {
			isa = PBXFrameworksBuildPhase;
			buildActionMask = 2147483647;
			files = (
			);
			runOnlyForDeploymentPostprocessing = 0;
		};
		C2BEC7132CF63E0D00F50673 /* Frameworks */ = {
			isa = PBXFrameworksBuildPhase;
			buildActionMask = 2147483647;
			files = (
			);
			runOnlyForDeploymentPostprocessing = 0;
		};
/* End PBXFrameworksBuildPhase section */

/* Begin PBXGroup section */
		C2BEC6ED2CF63E0C00F50673 = {
			isa = PBXGroup;
			children = (
				C2BEC6F82CF63E0C00F50673 /* PDeatails */,
				C2BEC70F2CF63E0D00F50673 /* PDeatailsTests */,
				C2BEC7192CF63E0D00F50673 /* PDeatailsUITests */,
				C2BEC6F72CF63E0C00F50673 /* Products */,
			);
			sourceTree = "<group>";
		};
		C2BEC6F72CF63E0C00F50673 /* Products */ = {
			isa = PBXGroup;
			children = (
				C2BEC6F62CF63E0C00F50673 /* PDeatails.app */,
				C2BEC70C2CF63E0D00F50673 /* PDeatailsTests.xctest */,
				C2BEC7162CF63E0D00F50673 /* PDeatailsUITests.xctest */,
			);
			name = Products;
			sourceTree = "<group>";
		};
/* End PBXGroup section */

/* Begin PBXNativeTarget section */
		C2BEC6F52CF63E0C00F50673 /* PDeatails */ = {
			isa = PBXNativeTarget;
			buildConfigurationList = C2BEC71F2CF63E0D00F50673 /* Build configuration list for PBXNativeTarget "PDeatails" */;
			buildPhases = (
				C2BEC6F22CF63E0C00F50673 /* Sources */,
				C2BEC6F32CF63E0C00F50673 /* Frameworks */,
				C2BEC6F42CF63E0C00F50673 /* Resources */,
			);
			buildRules = (
			);
			dependencies = (
			);
			fileSystemSynchronizedGroups = (
				C2BEC6F82CF63E0C00F50673 /* PDeatails */,
			);
			name = PDeatails;
			packageProductDependencies = (
			);
			productName = PDeatails;
			productReference = C2BEC6F62CF63E0C00F50673 /* PDeatails.app */;
			productType = "com.apple.product-type.application";
		};
		C2BEC70B2CF63E0D00F50673 /* PDeatailsTests */ = {
			isa = PBXNativeTarget;
			buildConfigurationList = C2BEC7242CF63E0D00F50673 /* Build configuration list for PBXNativeTarget "PDeatailsTests" */;
			buildPhases = (
				C2BEC7082CF63E0D00F50673 /* Sources */,
				C2BEC7092CF63E0D00F50673 /* Frameworks */,
				C2BEC70A2CF63E0D00F50673 /* Resources */,
			);
			buildRules = (
			);
			dependencies = (
				C2BEC70E2CF63E0D00F50673 /* PBXTargetDependency */,
			);
			fileSystemSynchronizedGroups = (
				C2BEC70F2CF63E0D00F50673 /* PDeatailsTests */,
			);
			name = PDeatailsTests;
			packageProductDependencies = (
			);
			productName = PDeatailsTests;
			productReference = C2BEC70C2CF63E0D00F50673 /* PDeatailsTests.xctest */;
			productType = "com.apple.product-type.bundle.unit-test";
		};
		C2BEC7152CF63E0D00F50673 /* PDeatailsUITests */ = {
			isa = PBXNativeTarget;
			buildConfigurationList = C2BEC7272CF63E0D00F50673 /* Build configuration list for PBXNativeTarget "PDeatailsUITests" */;
			buildPhases = (
				C2BEC7122CF63E0D00F50673 /* Sources */,
				C2BEC7132CF63E0D00F50673 /* Frameworks */,
				C2BEC7142CF63E0D00F50673 /* Resources */,
			);
			buildRules = (
			);
			dependencies = (
				C2BEC7182CF63E0D00F50673 /* PBXTargetDependency */,
			);
			fileSystemSynchronizedGroups = (
				C2BEC7192CF63E0D00F50673 /* PDeatailsUITests */,
			);
			name = PDeatailsUITests;
			packageProductDependencies = (
			);
			productName = PDeatailsUITests;
			productReference = C2BEC7162CF63E0D00F50673 /* PDeatailsUITests.xctest */;
			productType = "com.apple.product-type.bundle.ui-testing";
		};
/* End PBXNativeTarget section */

/* Begin PBXProject section */
		C2BEC6EE2CF63E0C00F50673 /* Project object */ = {
			isa = PBXProject;
			attributes = {
				BuildIndependentTargetsInParallel = 1;
				LastSwiftUpdateCheck = 1600;
				LastUpgradeCheck = 1600;
				TargetAttributes = {
					C2BEC6F52CF63E0C00F50673 = {
						CreatedOnToolsVersion = 16.0;
					};
					C2BEC70B2CF63E0D00F50673 = {
						CreatedOnToolsVersion = 16.0;
						TestTargetID = C2BEC6F52CF63E0C00F50673;
					};
					C2BEC7152CF63E0D00F50673 = {
						CreatedOnToolsVersion = 16.0;
						TestTargetID = C2BEC6F52CF63E0C00F50673;
					};
				};
			};
			buildConfigurationList = C2BEC6F12CF63E0C00F50673 /* Build configuration list for PBXProject "PDeatails" */;
			compatibilityVersion = "Xcode 15.0";
			developmentRegion = en;
			hasScannedForEncodings = 0;
			knownRegions = (
				en,
				Base,
			);
			mainGroup = C2BEC6ED2CF63E0C00F50673;
			minimizedProjectReferenceProxies = 1;
			productRefGroup = C2BEC6F72CF63E0C00F50673 /* Products */;
			projectDirPath = "";
			projectRoot = "";
			targets = (
				C2BEC6F52CF63E0C00F50673 /* PDeatails */,
				C2BEC70B2CF63E0D00F50673 /* PDeatailsTests */,
				C2BEC7152CF63E0D00F50673 /* PDeatailsUITests */,
			);
		};
/* End PBXProject section */

/* Begin PBXResourcesBuildPhase section */
		C2BEC6F42CF63E0C00F50673 /* Resources */ = {
			isa = PBXResourcesBuildPhase;
			buildActionMask = 2147483647;
			files = (
			);
			runOnlyForDeploymentPostprocessing = 0;
		};
		C2BEC70A2CF63E0D00F50673 /* Resources */ = {
			isa = PBXResourcesBuildPhase;
			buildActionMask = 2147483647;
			files = (
			);
			runOnlyForDeploymentPostprocessing = 0;
		};
		C2BEC7142CF63E0D00F50673 /* Resources */ = {
			isa = PBXResourcesBuildPhase;
			buildActionMask = 2147483647;
			files = (
			);
			runOnlyForDeploymentPostprocessing = 0;
		};
/* End PBXResourcesBuildPhase section */

/* Begin PBXSourcesBuildPhase section */
		C2BEC6F22CF63E0C00F50673 /* Sources */ = {
			isa = PBXSourcesBuildPhase;
			buildActionMask = 2147483647;
			files = (
			);
			runOnlyForDeploymentPostprocessing = 0;
		};
		C2BEC7082CF63E0D00F50673 /* Sources */ = {
			isa = PBXSourcesBuildPhase;
			buildActionMask = 2147483647;
			files = (
			);
			runOnlyForDeploymentPostprocessing = 0;
		};
		C2BEC7122CF63E0D00F50673 /* Sources */ = {
			isa = PBXSourcesBuildPhase;
			buildActionMask = 2147483647;
			files = (
			);
			runOnlyForDeploymentPostprocessing = 0;
		};
/* End PBXSourcesBuildPhase section */

/* Begin PBXTargetDependency section */
		C2BEC70E2CF63E0D00F50673 /* PBXTargetDependency */ = {
			isa = PBXTargetDependency;
			target = C2BEC6F52CF63E0C00F50673 /* PDeatails */;
			targetProxy = C2BEC70D2CF63E0D00F50673 /* PBXContainerItemProxy */;
		};
		C2BEC7182CF63E0D00F50673 /* PBXTargetDependency */ = {
			isa = PBXTargetDependency;
			target = C2BEC6F52CF63E0C00F50673 /* PDeatails */;
			targetProxy = C2BEC7172CF63E0D00F50673 /* PBXContainerItemProxy */;
		};
/* End PBXTargetDependency section */

/* Begin XCBuildConfiguration section */
		C2BEC7202CF63E0D00F50673 /* Debug */ = {
			isa = XCBuildConfiguration;
			buildSettings = {
				ASSETCATALOG_COMPILER_APPICON_NAME = AppIcon;
				ASSETCATALOG_COMPILER_GLOBAL_ACCENT_COLOR_NAME = AccentColor;
				CODE_SIGN_STYLE = Automatic;
				CURRENT_PROJECT_VERSION = 1;
				DEVELOPMENT_TEAM = 8SY9F8Y935;
				GENERATE_INFOPLIST_FILE = YES;
				INFOPLIST_FILE = PDeatails/Info.plist;
				INFOPLIST_KEY_UIApplicationSupportsIndirectInputEvents = YES;
				INFOPLIST_KEY_UILaunchStoryboardName = LaunchScreen;
				INFOPLIST_KEY_UIMainStoryboardFile = Main;
				INFOPLIST_KEY_UISupportedInterfaceOrientations_iPad = "UIInterfaceOrientationPortrait UIInterfaceOrientationPortraitUpsideDown UIInterfaceOrientationLandscapeLeft UIInterfaceOrientationLandscapeRight";
				INFOPLIST_KEY_UISupportedInterfaceOrientations_iPhone = "UIInterfaceOrientationPortrait UIInterfaceOrientationLandscapeLeft UIInterfaceOrientationLandscapeRight";
				LD_RUNPATH_SEARCH_PATHS = (
					"$(inherited)",
					"@executable_path/Frameworks",
				);
				MARKETING_VERSION = 1.0;
				PRODUCT_BUNDLE_IDENTIFIER = myWork.PDeatails;
				PRODUCT_NAME = "$(TARGET_NAME)";
				SWIFT_EMIT_LOC_STRINGS = YES;
				SWIFT_VERSION = 5.0;
				TARGETED_DEVICE_FAMILY = "1,2";
			};
			name = Debug;
		};
		C2BEC7212CF63E0D00F50673 /* Release */ = {
			isa = XCBuildConfiguration;
			buildSettings = {
				ASSETCATALOG_COMPILER_APPICON_NAME = AppIcon;
				ASSETCATALOG_COMPILER_GLOBAL_ACCENT_COLOR_NAME = AccentColor;
				CODE_SIGN_STYLE = Automatic;
				CURRENT_PROJECT_VERSION = 1;
				DEVELOPMENT_TEAM = 8SY9F8Y935;
				GENERATE_INFOPLIST_FILE = YES;
				INFOPLIST_FILE = PDeatails/Info.plist;
				INFOPLIST_KEY_UIApplicationSupportsIndirectInputEvents = YES;
				INFOPLIST_KEY_UILaunchStoryboardName = LaunchScreen;
				INFOPLIST_KEY_UIMainStoryboardFile = Main;
				INFOPLIST_KEY_UISupportedInterfaceOrientations_iPad = "UIInterfaceOrientationPortrait UIInterfaceOrientationPortraitUpsideDown UIInterfaceOrientationLandscapeLeft UIInterfaceOrientationLandscapeRight";
				INFOPLIST_KEY_UISupportedInterfaceOrientations_iPhone = "UIInterfaceOrientationPortrait UIInterfaceOrientationLandscapeLeft UIInterfaceOrientationLandscapeRight";
				LD_RUNPATH_SEARCH_PATHS = (
					"$(inherited)",
					"@executable_path/Frameworks",
				);
				MARKETING_VERSION = 1.0;
				PRODUCT_BUNDLE_IDENTIFIER = myWork.PDeatails;
				PRODUCT_NAME = "$(TARGET_NAME)";
				SWIFT_EMIT_LOC_STRINGS = YES;
				SWIFT_VERSION = 5.0;
				TARGETED_DEVICE_FAMILY = "1,2";
			};
			name = Release;
		};
		C2BEC7222CF63E0D00F50673 /* Debug */ = {
			isa = XCBuildConfiguration;
			buildSettings = {
				ALWAYS_SEARCH_USER_PATHS = NO;
				ASSETCATALOG_COMPILER_GENERATE_SWIFT_ASSET_SYMBOL_EXTENSIONS = YES;
				CLANG_ANALYZER_NONNULL = YES;
				CLANG_ANALYZER_NUMBER_OBJECT_CONVERSION = YES_AGGRESSIVE;
				CLANG_CXX_LANGUAGE_STANDARD = "gnu++20";
				CLANG_ENABLE_MODULES = YES;
				CLANG_ENABLE_OBJC_ARC = YES;
				CLANG_ENABLE_OBJC_WEAK = YES;
				CLANG_WARN_BLOCK_CAPTURE_AUTORELEASING = YES;
				CLANG_WARN_BOOL_CONVERSION = YES;
				CLANG_WARN_COMMA = YES;
				CLANG_WARN_CONSTANT_CONVERSION = YES;
				CLANG_WARN_DEPRECATED_OBJC_IMPLEMENTATIONS = YES;
				CLANG_WARN_DIRECT_OBJC_ISA_USAGE = YES_ERROR;
				CLANG_WARN_DOCUMENTATION_COMMENTS = YES;
				CLANG_WARN_EMPTY_BODY = YES;
				CLANG_WARN_ENUM_CONVERSION = YES;
				CLANG_WARN_INFINITE_RECURSION = YES;
				CLANG_WARN_INT_CONVERSION = YES;
				CLANG_WARN_NON_LITERAL_NULL_CONVERSION = YES;
				CLANG_WARN_OBJC_IMPLICIT_RETAIN_SELF = YES;
				CLANG_WARN_OBJC_LITERAL_CONVERSION = YES;
				CLANG_WARN_OBJC_ROOT_CLASS = YES_ERROR;
				CLANG_WARN_QUOTED_INCLUDE_IN_FRAMEWORK_HEADER = YES;
				CLANG_WARN_RANGE_LOOP_ANALYSIS = YES;
				CLANG_WARN_STRICT_PROTOTYPES = YES;
				CLANG_WARN_SUSPICIOUS_MOVE = YES;
				CLANG_WARN_UNGUARDED_AVAILABILITY = YES_AGGRESSIVE;
				CLANG_WARN_UNREACHABLE_CODE = YES;
				CLANG_WARN__DUPLICATE_METHOD_MATCH = YES;
				COPY_PHASE_STRIP = NO;
				DEBUG_INFORMATION_FORMAT = dwarf;
				ENABLE_STRICT_OBJC_MSGSEND = YES;
				ENABLE_TESTABILITY = YES;
				ENABLE_USER_SCRIPT_SANDBOXING = YES;
				GCC_C_LANGUAGE_STANDARD = gnu17;
				GCC_DYNAMIC_NO_PIC = NO;
				GCC_NO_COMMON_BLOCKS = YES;
				GCC_OPTIMIZATION_LEVEL = 0;
				GCC_PREPROCESSOR_DEFINITIONS = (
					"DEBUG=1",
					"$(inherited)",
				);
				GCC_WARN_64_TO_32_BIT_CONVERSION = YES;
				GCC_WARN_ABOUT_RETURN_TYPE = YES_ERROR;
				GCC_WARN_UNDECLARED_SELECTOR = YES;
				GCC_WARN_UNINITIALIZED_AUTOS = YES_AGGRESSIVE;
				GCC_WARN_UNUSED_FUNCTION = YES;
				GCC_WARN_UNUSED_VARIABLE = YES;
				IPHONEOS_DEPLOYMENT_TARGET = 18.0;
				LOCALIZATION_PREFERS_STRING_CATALOGS = YES;
				MTL_ENABLE_DEBUG_INFO = INCLUDE_SOURCE;
				MTL_FAST_MATH = YES;
				ONLY_ACTIVE_ARCH = YES;
				SDKROOT = iphoneos;
				SWIFT_ACTIVE_COMPILATION_CONDITIONS = "DEBUG $(inherited)";
				SWIFT_OPTIMIZATION_LEVEL = "-Onone";
			};
			name = Debug;
		};
		C2BEC7232CF63E0D00F50673 /* Release */ = {
			isa = XCBuildConfiguration;
			buildSettings = {
				ALWAYS_SEARCH_USER_PATHS = NO;
				ASSETCATALOG_COMPILER_GENERATE_SWIFT_ASSET_SYMBOL_EXTENSIONS = YES;
				CLANG_ANALYZER_NONNULL = YES;
				CLANG_ANALYZER_NUMBER_OBJECT_CONVERSION = YES_AGGRESSIVE;
				CLANG_CXX_LANGUAGE_STANDARD = "gnu++20";
				CLANG_ENABLE_MODULES = YES;
				CLANG_ENABLE_OBJC_ARC = YES;
				CLANG_ENABLE_OBJC_WEAK = YES;
				CLANG_WARN_BLOCK_CAPTURE_AUTORELEASING = YES;
				CLANG_WARN_BOOL_CONVERSION = YES;
				CLANG_WARN_COMMA = YES;
				CLANG_WARN_CONSTANT_CONVERSION = YES;
				CLANG_WARN_DEPRECATED_OBJC_IMPLEMENTATIONS = YES;
				CLANG_WARN_DIRECT_OBJC_ISA_USAGE = YES_ERROR;
				CLANG_WARN_DOCUMENTATION_COMMENTS = YES;
				CLANG_WARN_EMPTY_BODY = YES;
				CLANG_WARN_ENUM_CONVERSION = YES;
				CLANG_WARN_INFINITE_RECURSION = YES;
				CLANG_WARN_INT_CONVERSION = YES;
				CLANG_WARN_NON_LITERAL_NULL_CONVERSION = YES;
				CLANG_WARN_OBJC_IMPLICIT_RETAIN_SELF = YES;
				CLANG_WARN_OBJC_LITERAL_CONVERSION = YES;
				CLANG_WARN_OBJC_ROOT_CLASS = YES_ERROR;
				CLANG_WARN_QUOTED_INCLUDE_IN_FRAMEWORK_HEADER = YES;
				CLANG_WARN_RANGE_LOOP_ANALYSIS = YES;
				CLANG_WARN_STRICT_PROTOTYPES = YES;
				CLANG_WARN_SUSPICIOUS_MOVE = YES;
				CLANG_WARN_UNGUARDED_AVAILABILITY = YES_AGGRESSIVE;
				CLANG_WARN_UNREACHABLE_CODE = YES;
				CLANG_WARN__DUPLICATE_METHOD_MATCH = YES;
				COPY_PHASE_STRIP = NO;
				DEBUG_INFORMATION_FORMAT = "dwarf-with-dsym";
				ENABLE_NS_ASSERTIONS = NO;
				ENABLE_STRICT_OBJC_MSGSEND = YES;
				ENABLE_USER_SCRIPT_SANDBOXING = YES;
				GCC_C_LANGUAGE_STANDARD = gnu17;
				GCC_NO_COMMON_BLOCKS = YES;
				GCC_WARN_64_TO_32_BIT_CONVERSION = YES;
				GCC_WARN_ABOUT_RETURN_TYPE = YES_ERROR;
				GCC_WARN_UNDECLARED_SELECTOR = YES;
				GCC_WARN_UNINITIALIZED_AUTOS = YES_AGGRESSIVE;
				GCC_WARN_UNUSED_FUNCTION = YES;
				GCC_WARN_UNUSED_VARIABLE = YES;
				IPHONEOS_DEPLOYMENT_TARGET = 18.0;
				LOCALIZATION_PREFERS_STRING_CATALOGS = YES;
				MTL_ENABLE_DEBUG_INFO = NO;
				MTL_FAST_MATH = YES;
				SDKROOT = iphoneos;
				SWIFT_COMPILATION_MODE = wholemodule;
				VALIDATE_PRODUCT = YES;
			};
			name = Release;
		};
		C2BEC7252CF63E0D00F50673 /* Debug */ = {
			isa = XCBuildConfiguration;
			buildSettings = {
				BUNDLE_LOADER = "$(TEST_HOST)";
				CODE_SIGN_STYLE = Automatic;
				CURRENT_PROJECT_VERSION = 1;
				DEVELOPMENT_TEAM = 8SY9F8Y935;
				GENERATE_INFOPLIST_FILE = YES;
				IPHONEOS_DEPLOYMENT_TARGET = 18.0;
				MARKETING_VERSION = 1.0;
				PRODUCT_BUNDLE_IDENTIFIER = myWork.PDeatailsTests;
				PRODUCT_NAME = "$(TARGET_NAME)";
				SWIFT_EMIT_LOC_STRINGS = NO;
				SWIFT_VERSION = 5.0;
				TARGETED_DEVICE_FAMILY = "1,2";
				TEST_HOST = "$(BUILT_PRODUCTS_DIR)/PDeatails.app/$(BUNDLE_EXECUTABLE_FOLDER_PATH)/PDeatails";
			};
			name = Debug;
		};
		C2BEC7262CF63E0D00F50673 /* Release */ = {
			isa = XCBuildConfiguration;
			buildSettings = {
				BUNDLE_LOADER = "$(TEST_HOST)";
				CODE_SIGN_STYLE = Automatic;
				CURRENT_PROJECT_VERSION = 1;
				DEVELOPMENT_TEAM = 8SY9F8Y935;
				GENERATE_INFOPLIST_FILE = YES;
				IPHONEOS_DEPLOYMENT_TARGET = 18.0;
				MARKETING_VERSION = 1.0;
				PRODUCT_BUNDLE_IDENTIFIER = myWork.PDeatailsTests;
				PRODUCT_NAME = "$(TARGET_NAME)";
				SWIFT_EMIT_LOC_STRINGS = NO;
				SWIFT_VERSION = 5.0;
				TARGETED_DEVICE_FAMILY = "1,2";
				TEST_HOST = "$(BUILT_PRODUCTS_DIR)/PDeatails.app/$(BUNDLE_EXECUTABLE_FOLDER_PATH)/PDeatails";
			};
			name = Release;
		};
		C2BEC7282CF63E0D00F50673 /* Debug */ = {
			isa = XCBuildConfiguration;
			buildSettings = {
				CODE_SIGN_STYLE = Automatic;
				CURRENT_PROJECT_VERSION = 1;
				DEVELOPMENT_TEAM = 8SY9F8Y935;
				GENERATE_INFOPLIST_FILE = YES;
				MARKETING_VERSION = 1.0;
				PRODUCT_BUNDLE_IDENTIFIER = myWork.PDeatailsUITests;
				PRODUCT_NAME = "$(TARGET_NAME)";
				SWIFT_EMIT_LOC_STRINGS = NO;
				SWIFT_VERSION = 5.0;
				TARGETED_DEVICE_FAMILY = "1,2";
				TEST_TARGET_NAME = PDeatails;
			};
			name = Debug;
		};
		C2BEC7292CF63E0D00F50673 /* Release */ = {
			isa = XCBuildConfiguration;
			buildSettings = {
				CODE_SIGN_STYLE = Automatic;
				CURRENT_PROJECT_VERSION = 1;
				DEVELOPMENT_TEAM = 8SY9F8Y935;
				GENERATE_INFOPLIST_FILE = YES;
				MARKETING_VERSION = 1.0;
				PRODUCT_BUNDLE_IDENTIFIER = myWork.PDeatailsUITests;
				PRODUCT_NAME = "$(TARGET_NAME)";
				SWIFT_EMIT_LOC_STRINGS = NO;
				SWIFT_VERSION = 5.0;
				TARGETED_DEVICE_FAMILY = "1,2";
				TEST_TARGET_NAME = PDeatails;
			};
			name = Release;
		};
/* End XCBuildConfiguration section */

/* Begin XCConfigurationList section */
		C2BEC6F12CF63E0C00F50673 /* Build configuration list for PBXProject "PDeatails" */ = {
			isa = XCConfigurationList;
			buildConfigurations = (
				C2BEC7222CF63E0D00F50673 /* Debug */,
				C2BEC7232CF63E0D00F50673 /* Release */,
			);
			defaultConfigurationIsVisible = 0;
			defaultConfigurationName = Release;
		};
		C2BEC71F2CF63E0D00F50673 /* Build configuration list for PBXNativeTarget "PDeatails" */ = {
			isa = XCConfigurationList;
			buildConfigurations = (
				C2BEC7202CF63E0D00F50673 /* Debug */,
				C2BEC7212CF63E0D00F50673 /* Release */,
			);
			defaultConfigurationIsVisible = 0;
			defaultConfigurationName = Release;
		};
		C2BEC7242CF63E0D00F50673 /* Build configuration list for PBXNativeTarget "PDeatailsTests" */ = {
			isa = XCConfigurationList;
			buildConfigurations = (
				C2BEC7252CF63E0D00F50673 /* Debug */,
				C2BEC7262CF63E0D00F50673 /* Release */,
			);
			defaultConfigurationIsVisible = 0;
			defaultConfigurationName = Release;
		};
		C2BEC7272CF63E0D00F50673 /* Build configuration list for PBXNativeTarget "PDeatailsUITests" */ = {
			isa = XCConfigurationList;
			buildConfigurations = (
				C2BEC7282CF63E0D00F50673 /* Debug */,
				C2BEC7292CF63E0D00F50673 /* Release */,
			);
			defaultConfigurationIsVisible = 0;
			defaultConfigurationName = Release;
		};
/* End XCConfigurationList section */
	};
	rootObject = C2BEC6EE2CF63E0C00F50673 /* Project object */;
}
